hash: 6714860f800440aadd2ba697087cc8e050defbe2223b9c2ed77cdfb183bf51bc
updated: 2017-08-15T20:52:04.425053719Z
imports:
- name: github.com/davecgh/go-spew
  version: 346938d642f2ec3594ed81d874461961cd0faa76
  subpackages:
  - spew
testImports:
- name: github.com/corpix/formats
  version: db532770e3ecf9dfe31ce2f7bf30c1c26f67e417
- name: github.com/pmezard/go-difflib
  version: d8ed2627bdf02c080bf22230dbb337003b7aba2d
  subpackages:
  - difflib
- name: github.com/stretchr/testify
  version: 69483b4bd14f5845b5a1e55bca19e954e827f1d0
  subpackages:
  - assert
- name: gopkg.in/yaml.v2
  version: eb3733d160e74a9c7e442f435eb3bea458e1d19f
- name: github.com/gobwas/ws
  version: 68d2472c0bfbbd6f11ba77bf2c122fbf035c246b
  subpackages:
  - wsutil
